
Microsoft Visual Studio Solution File, Format Version 12.00
# Visual Studio Version 17
VisualStudioVersion = 17.1.32210.238
MinimumVisualStudioVersion = 10.0.40219.1
Project("{9A19103F-16F7-4668-BE54-9A1E7A4F7556}") = "ConsoleAppHeuresTravail", "ConsoleAppHeuresTravail\ConsoleAppHeuresTravail.csproj", "{4D4274C2-FEC5-48AA-8CFC-CD8D070F9388}"
EndProject
Project("{FAE04EC0-301F-11D3-BF4B-00C04F79EFBC}") = "ClassLibraryTime", "ClassLibraryTime\ClassLibraryTime.csproj", "{EEC450F2-9231-4340-A033-68ADB4D40A09}"
EndProject
Global
	GlobalSection(SolutionConfigurationPlatforms) = preSolution
		Debug|Any CPU = Debug|Any CPU
		Release|Any CPU = Release|Any CPU
	EndGlobalSection
	GlobalSection(ProjectConfigurationPlatforms) = postSolution
		{4D4274C2-FEC5-48AA-8CFC-CD8D070F9388}.Debug|Any CPU.ActiveCfg = Debug|Any CPU
		{4D4274C2-FEC5-48AA-8CFC-CD8D070F9388}.Debug|Any CPU.Build.0 = Debug|Any CPU
		{4D4274C2-FEC5-48AA-8CFC-CD8D070F9388}.Release|Any CPU.ActiveCfg = Release|Any CPU
		{4D4274C2-FEC5-48AA-8CFC-CD8D070F9388}.Release|Any CPU.Build.0 = Release|Any CPU
		{EEC450F2-9231-4340-A033-68ADB4D40A09}.Debug|Any CPU.ActiveCfg = Debug|Any CPU
		{EEC450F2-9231-4340-A033-68ADB4D40A09}.Debug|Any CPU.Build.0 = Debug|Any CPU
		{EEC450F2-9231-4340-A033-68ADB4D40A09}.Release|Any CPU.ActiveCfg = Release|Any CPU
		{EEC450F2-9231-4340-A033-68ADB4D40A09}.Release|Any CPU.Build.0 = Release|Any CPU
	EndGlobalSection
	GlobalSection(SolutionProperties) = preSolution
		HideSolutionNode = FALSE
	EndGlobalSection
	GlobalSection(ExtensibilityGlobals) = postSolution
		SolutionGuid = {871301A9-CC52-44C9-A9A5-789F8295D3C3}
	EndGlobalSection
EndGlobal
